
Microsoft Visual Studio Solution File, Format Version 12.00
# Visual Studio Version 17
VisualStudioVersion = 17.4.33205.214
MinimumVisualStudioVersion = 10.0.40219.1
Project("{9A19103F-16F7-4668-BE54-9A1E7A4F7556}") = "Bai1_ArrayList", "Bai1_ArrayList\Bai1_ArrayList.csproj", "{83872672-83CD-4E3B-87CB-47B8B3BF191D}"
EndProject
Project("{9A19103F-16F7-4668-BE54-9A1E7A4F7556}") = "Bai2_HashTable", "Bai2_HashTable\Bai2_HashTable.csproj", "{172E68E1-EB8A-466B-A659-7FC034CB726D}"
EndProject
Project("{9A19103F-16F7-4668-BE54-9A1E7A4F7556}") = "Bai3_SortedList", "Bai3_SortedList\Bai3_SortedList.csproj", "{8BCA2246-F189-47B9-ABFB-15E5FCA87FAC}"
EndProject
Project("{FAE04EC0-301F-11D3-BF4B-00C04F79EFBC}") = "Bai4_Stack", "Bai4_Stack\Bai4_Stack.csproj", "{7157766D-E92F-419B-8569-A2AC0E08B11E}"
EndProject
Project("{FAE04EC0-301F-11D3-BF4B-00C04F79EFBC}") = "Bai5_Queue", "Bai5_Queue\Bai5_Queue.csproj", "{65EF7CD1-3120-4A33-AE18-A5F518411EEB}"
EndProject
Project("{FAE04EC0-301F-11D3-BF4B-00C04F79EFBC}") = "Bai6_BitArray", "Bai6_BitArray\Bai6_BitArray.csproj", "{30496CF4-D5EA-423E-B846-405E52EBFE4E}"
EndProject
Global
	GlobalSection(SolutionConfigurationPlatforms) = preSolution
		Debug|Any CPU = Debug|Any CPU
		Release|Any CPU = Release|Any CPU
	EndGlobalSection
	GlobalSection(ProjectConfigurationPlatforms) = postSolution
		{83872672-83CD-4E3B-87CB-47B8B3BF191D}.Debug|Any CPU.ActiveCfg = Debug|Any CPU
		{83872672-83CD-4E3B-87CB-47B8B3BF191D}.Debug|Any CPU.Build.0 = Debug|Any CPU
		{83872672-83CD-4E3B-87CB-47B8B3BF191D}.Release|Any CPU.ActiveCfg = Release|Any CPU
		{83872672-83CD-4E3B-87CB-47B8B3BF191D}.Release|Any CPU.Build.0 = Release|Any CPU
		{172E68E1-EB8A-466B-A659-7FC034CB726D}.Debug|Any CPU.ActiveCfg = Debug|Any CPU
		{172E68E1-EB8A-466B-A659-7FC034CB726D}.Debug|Any CPU.Build.0 = Debug|Any CPU
		{172E68E1-EB8A-466B-A659-7FC034CB726D}.Release|Any CPU.ActiveCfg = Release|Any CPU
		{172E68E1-EB8A-466B-A659-7FC034CB726D}.Release|Any CPU.Build.0 = Release|Any CPU
		{8BCA2246-F189-47B9-ABFB-15E5FCA87FAC}.Debug|Any CPU.ActiveCfg = Debug|Any CPU
		{8BCA2246-F189-47B9-ABFB-15E5FCA87FAC}.Debug|Any CPU.Build.0 = Debug|Any CPU
		{8BCA2246-F189-47B9-ABFB-15E5FCA87FAC}.Release|Any CPU.ActiveCfg = Release|Any CPU
		{8BCA2246-F189-47B9-ABFB-15E5FCA87FAC}.Release|Any CPU.Build.0 = Release|Any CPU
		{7157766D-E92F-419B-8569-A2AC0E08B11E}.Debug|Any CPU.ActiveCfg = Debug|Any CPU
		{7157766D-E92F-419B-8569-A2AC0E08B11E}.Debug|Any CPU.Build.0 = Debug|Any CPU
		{7157766D-E92F-419B-8569-A2AC0E08B11E}.Release|Any CPU.ActiveCfg = Release|Any CPU
		{7157766D-E92F-419B-8569-A2AC0E08B11E}.Release|Any CPU.Build.0 = Release|Any CPU
		{65EF7CD1-3120-4A33-AE18-A5F518411EEB}.Debug|Any CPU.ActiveCfg = Debug|Any CPU
		{65EF7CD1-3120-4A33-AE18-A5F518411EEB}.Debug|Any CPU.Build.0 = Debug|Any CPU
		{65EF7CD1-3120-4A33-AE18-A5F518411EEB}.Release|Any CPU.ActiveCfg = Release|Any CPU
		{65EF7CD1-3120-4A33-AE18-A5F518411EEB}.Release|Any CPU.Build.0 = Release|Any CPU
		{30496CF4-D5EA-423E-B846-405E52EBFE4E}.Debug|Any CPU.ActiveCfg = Debug|Any CPU
		{30496CF4-D5EA-423E-B846-405E52EBFE4E}.Debug|Any CPU.Build.0 = Debug|Any CPU
		{30496CF4-D5EA-423E-B846-405E52EBFE4E}.Release|Any CPU.ActiveCfg = Release|Any CPU
		{30496CF4-D5EA-423E-B846-405E52EBFE4E}.Release|Any CPU.Build.0 = Release|Any CPU
	EndGlobalSection
	GlobalSection(SolutionProperties) = preSolution
		HideSolutionNode = FALSE
	EndGlobalSection
	GlobalSection(ExtensibilityGlobals) = postSolution
		SolutionGuid = {FFA15EC8-CE6B-4350-A9E4-379F9E6E49C8}
	EndGlobalSection
EndGlobal
